
Microsoft Visual Studio Solution File, Format Version 12.00
# Visual Studio Version 17
VisualStudioVersion = 17.2.32630.192
MinimumVisualStudioVersion = 10.0.40219.1
Project("{FAE04EC0-301F-11D3-BF4B-00C04F79EFBC}") = "ToDoLibrary", "ToDoLibrary\ToDoLibrary.csproj", "{22000B4A-A2DC-49E6-965A-81D86A3B98A8}"
EndProject
Project("{FAE04EC0-301F-11D3-BF4B-00C04F79EFBC}") = "ToDoAPI", "ToDoAPI\ToDoAPI.csproj", "{FB5562E8-4A2A-458F-BC1C-FB26AA8D47BF}"
EndProject
Global
	GlobalSection(SolutionConfigurationPlatforms) = preSolution
		Debug|Any CPU = Debug|Any CPU
		Release|Any CPU = Release|Any CPU
	EndGlobalSection
	GlobalSection(ProjectConfigurationPlatforms) = postSolution
		{22000B4A-A2DC-49E6-965A-81D86A3B98A8}.Debug|Any CPU.ActiveCfg = Debug|Any CPU
		{22000B4A-A2DC-49E6-965A-81D86A3B98A8}.Debug|Any CPU.Build.0 = Debug|Any CPU
		{22000B4A-A2DC-49E6-965A-81D86A3B98A8}.Release|Any CPU.ActiveCfg = Release|Any CPU
		{22000B4A-A2DC-49E6-965A-81D86A3B98A8}.Release|Any CPU.Build.0 = Release|Any CPU
		{FB5562E8-4A2A-458F-BC1C-FB26AA8D47BF}.Debug|Any CPU.ActiveCfg = Debug|Any CPU
		{FB5562E8-4A2A-458F-BC1C-FB26AA8D47BF}.Debug|Any CPU.Build.0 = Debug|Any CPU
		{FB5562E8-4A2A-458F-BC1C-FB26AA8D47BF}.Release|Any CPU.ActiveCfg = Release|Any CPU
		{FB5562E8-4A2A-458F-BC1C-FB26AA8D47BF}.Release|Any CPU.Build.0 = Release|Any CPU
	EndGlobalSection
	GlobalSection(SolutionProperties) = preSolution
		HideSolutionNode = FALSE
	EndGlobalSection
	GlobalSection(ExtensibilityGlobals) = postSolution
		SolutionGuid = {3151E1C0-4ABA-44DB-A3AF-9E042B697A01}
	EndGlobalSection
EndGlobal
